
Microsoft Visual Studio Solution File, Format Version 12.00
# Visual Studio Version 17
VisualStudioVersion = 17.8.34316.72
MinimumVisualStudioVersion = 10.0.40219.1
Project("{FAE04EC0-301F-11D3-BF4B-00C04F79EFBC}") = "ProjectLibrary", "ProjectLibrary\ProjectLibrary.csproj", "{F89833D6-7DF5-43F2-8681-BCAAB4CECD28}"
EndProject
Global
	GlobalSection(SolutionConfigurationPlatforms) = preSolution
		Debug|Any CPU = Debug|Any CPU
		Release|Any CPU = Release|Any CPU
	EndGlobalSection
	GlobalSection(ProjectConfigurationPlatforms) = postSolution
		{F89833D6-7DF5-43F2-8681-BCAAB4CECD28}.Debug|Any CPU.ActiveCfg = Debug|Any CPU
		{F89833D6-7DF5-43F2-8681-BCAAB4CECD28}.Debug|Any CPU.Build.0 = Debug|Any CPU
		{F89833D6-7DF5-43F2-8681-BCAAB4CECD28}.Release|Any CPU.ActiveCfg = Release|Any CPU
		{F89833D6-7DF5-43F2-8681-BCAAB4CECD28}.Release|Any CPU.Build.0 = Release|Any CPU
	EndGlobalSection
	GlobalSection(SolutionProperties) = preSolution
		HideSolutionNode = FALSE
	EndGlobalSection
	GlobalSection(ExtensibilityGlobals) = postSolution
		SolutionGuid = {E353EBDF-7A61-48B1-9BA3-602566187811}
	EndGlobalSection
EndGlobal
